
Microsoft Visual Studio Solution File, Format Version 12.00
# Visual Studio Version 17
VisualStudioVersion = 17.9.34607.119
MinimumVisualStudioVersion = 10.0.40219.1
Project("{FAE04EC0-301F-11D3-BF4B-00C04F79EFBC}") = "11A_ornek_1", "11A_ornek_1\11A_ornek_1.csproj", "{9FAF6CAB-5435-4B90-B17C-8879FEF77AEF}"
EndProject
Global
	GlobalSection(SolutionConfigurationPlatforms) = preSolution
		Debug|Any CPU = Debug|Any CPU
		Release|Any CPU = Release|Any CPU
	EndGlobalSection
	GlobalSection(ProjectConfigurationPlatforms) = postSolution
		{9FAF6CAB-5435-4B90-B17C-8879FEF77AEF}.Debug|Any CPU.ActiveCfg = Debug|Any CPU
		{9FAF6CAB-5435-4B90-B17C-8879FEF77AEF}.Debug|Any CPU.Build.0 = Debug|Any CPU
		{9FAF6CAB-5435-4B90-B17C-8879FEF77AEF}.Release|Any CPU.ActiveCfg = Release|Any CPU
		{9FAF6CAB-5435-4B90-B17C-8879FEF77AEF}.Release|Any CPU.Build.0 = Release|Any CPU
	EndGlobalSection
	GlobalSection(SolutionProperties) = preSolution
		HideSolutionNode = FALSE
	EndGlobalSection
	GlobalSection(ExtensibilityGlobals) = postSolution
		SolutionGuid = {1BFBDB75-EBCD-4128-A99F-B553E3B19063}
	EndGlobalSection
EndGlobal
